
Microsoft Visual Studio Solution File, Format Version 12.00
Project("{FAE04EC0-301F-11D3-BF4B-00C04F79EFBC}") = "ConsoleApp", "ConsoleApp\ConsoleApp.csproj", "{501FEE84-9D9B-4CAB-9D21-2DFF80634FE0}"
EndProject
Project("{FAE04EC0-301F-11D3-BF4B-00C04F79EFBC}") = "MenuSystem", "MenuSystem\MenuSystem.csproj", "{D938CEF7-4C55-4A7F-AC75-AD66A6D3C633}"
EndProject
Project("{2150E333-8FDC-42A3-9474-1A3956D46DE8}") = "Solution_items", "Solution_items", "{7B03389D-6BEA-46EA-8C7B-86FD7A248908}"
EndProject
Project("{FAE04EC0-301F-11D3-BF4B-00C04F79EFBC}") = "GameBrain", "GameBrain\GameBrain.csproj", "{BBD2D772-5776-49E2-BF27-6F6D923B69F2}"
EndProject
Project("{FAE04EC0-301F-11D3-BF4B-00C04F79EFBC}") = "ConsoleUI", "ConsoleUI\ConsoleUI.csproj", "{C1F040E2-4B66-4E27-89DB-732D3455D251}"
EndProject
Project("{FAE04EC0-301F-11D3-BF4B-00C04F79EFBC}") = "DAL.FileSystem", "DAL.FileSystem\DAL.FileSystem.csproj", "{086540B3-97CB-4DA7-9E29-FB5BE20CADAF}"
EndProject
Project("{FAE04EC0-301F-11D3-BF4B-00C04F79EFBC}") = "DAL.Db", "DAL.Db\DAL.Db.csproj", "{6EE7D93E-1ADB-4A7F-A93B-C56ED895FCF0}"
EndProject
Project("{FAE04EC0-301F-11D3-BF4B-00C04F79EFBC}") = "DAL", "DAL\DAL.csproj", "{D13DDDC9-04BA-4D1F-B9CE-75712260486C}"
EndProject
Project("{FAE04EC0-301F-11D3-BF4B-00C04F79EFBC}") = "Domain", "Domain\Domain.csproj", "{0BC9DDC5-20E8-40CD-8D6B-113BB02A302F}"
EndProject
Global
	GlobalSection(SolutionConfigurationPlatforms) = preSolution
		Debug|Any CPU = Debug|Any CPU
		Release|Any CPU = Release|Any CPU
	EndGlobalSection
	GlobalSection(ProjectConfigurationPlatforms) = postSolution
		{501FEE84-9D9B-4CAB-9D21-2DFF80634FE0}.Debug|Any CPU.ActiveCfg = Debug|Any CPU
		{501FEE84-9D9B-4CAB-9D21-2DFF80634FE0}.Debug|Any CPU.Build.0 = Debug|Any CPU
		{501FEE84-9D9B-4CAB-9D21-2DFF80634FE0}.Release|Any CPU.ActiveCfg = Release|Any CPU
		{501FEE84-9D9B-4CAB-9D21-2DFF80634FE0}.Release|Any CPU.Build.0 = Release|Any CPU
		{D938CEF7-4C55-4A7F-AC75-AD66A6D3C633}.Debug|Any CPU.ActiveCfg = Debug|Any CPU
		{D938CEF7-4C55-4A7F-AC75-AD66A6D3C633}.Debug|Any CPU.Build.0 = Debug|Any CPU
		{D938CEF7-4C55-4A7F-AC75-AD66A6D3C633}.Release|Any CPU.ActiveCfg = Release|Any CPU
		{D938CEF7-4C55-4A7F-AC75-AD66A6D3C633}.Release|Any CPU.Build.0 = Release|Any CPU
		{BBD2D772-5776-49E2-BF27-6F6D923B69F2}.Debug|Any CPU.ActiveCfg = Debug|Any CPU
		{BBD2D772-5776-49E2-BF27-6F6D923B69F2}.Debug|Any CPU.Build.0 = Debug|Any CPU
		{BBD2D772-5776-49E2-BF27-6F6D923B69F2}.Release|Any CPU.ActiveCfg = Release|Any CPU
		{BBD2D772-5776-49E2-BF27-6F6D923B69F2}.Release|Any CPU.Build.0 = Release|Any CPU
		{C1F040E2-4B66-4E27-89DB-732D3455D251}.Debug|Any CPU.ActiveCfg = Debug|Any CPU
		{C1F040E2-4B66-4E27-89DB-732D3455D251}.Debug|Any CPU.Build.0 = Debug|Any CPU
		{C1F040E2-4B66-4E27-89DB-732D3455D251}.Release|Any CPU.ActiveCfg = Release|Any CPU
		{C1F040E2-4B66-4E27-89DB-732D3455D251}.Release|Any CPU.Build.0 = Release|Any CPU
		{086540B3-97CB-4DA7-9E29-FB5BE20CADAF}.Debug|Any CPU.ActiveCfg = Debug|Any CPU
		{086540B3-97CB-4DA7-9E29-FB5BE20CADAF}.Debug|Any CPU.Build.0 = Debug|Any CPU
		{086540B3-97CB-4DA7-9E29-FB5BE20CADAF}.Release|Any CPU.ActiveCfg = Release|Any CPU
		{086540B3-97CB-4DA7-9E29-FB5BE20CADAF}.Release|Any CPU.Build.0 = Release|Any CPU
		{6EE7D93E-1ADB-4A7F-A93B-C56ED895FCF0}.Debug|Any CPU.ActiveCfg = Debug|Any CPU
		{6EE7D93E-1ADB-4A7F-A93B-C56ED895FCF0}.Debug|Any CPU.Build.0 = Debug|Any CPU
		{6EE7D93E-1ADB-4A7F-A93B-C56ED895FCF0}.Release|Any CPU.ActiveCfg = Release|Any CPU
		{6EE7D93E-1ADB-4A7F-A93B-C56ED895FCF0}.Release|Any CPU.Build.0 = Release|Any CPU
		{D13DDDC9-04BA-4D1F-B9CE-75712260486C}.Debug|Any CPU.ActiveCfg = Debug|Any CPU
		{D13DDDC9-04BA-4D1F-B9CE-75712260486C}.Debug|Any CPU.Build.0 = Debug|Any CPU
		{D13DDDC9-04BA-4D1F-B9CE-75712260486C}.Release|Any CPU.ActiveCfg = Release|Any CPU
		{D13DDDC9-04BA-4D1F-B9CE-75712260486C}.Release|Any CPU.Build.0 = Release|Any CPU
		{0BC9DDC5-20E8-40CD-8D6B-113BB02A302F}.Debug|Any CPU.ActiveCfg = Debug|Any CPU
		{0BC9DDC5-20E8-40CD-8D6B-113BB02A302F}.Debug|Any CPU.Build.0 = Debug|Any CPU
		{0BC9DDC5-20E8-40CD-8D6B-113BB02A302F}.Release|Any CPU.ActiveCfg = Release|Any CPU
		{0BC9DDC5-20E8-40CD-8D6B-113BB02A302F}.Release|Any CPU.Build.0 = Release|Any CPU
	EndGlobalSection
EndGlobal
